Microsoft Visual Studio Solution File, Format Version 12.00
# Visual Studio Version 17
VisualStudioVersion = 17.5.2.0
MinimumVisualStudioVersion = 10.0.40219.1
Project("{FAE04EC0-301F-11D3-BF4B-00C04F79EFBC}") = "FundRaisingAssignment.Test", "FundRaisingAssignment.Test\FundRaisingAssignment.Test.csproj", "{B1C167C2-2419-9FD6-BA87-6647AF0AFDC6}"
EndProject
Project("{FAE04EC0-301F-11D3-BF4B-00C04F79EFBC}") = "FundRaisingAssignment.Application", "FundRaisingAssignment.Application\FundRaisingAssignment.Application.csproj", "{43BEE1C9-7758-ABFC-63BA-40F2EE56E440}"
EndProject
Global
	GlobalSection(SolutionConfigurationPlatforms) = preSolution
		Debug|Any CPU = Debug|Any CPU
		Release|Any CPU = Release|Any CPU
	EndGlobalSection
	GlobalSection(ProjectConfigurationPlatforms) = postSolution
		{B1C167C2-2419-9FD6-BA87-6647AF0AFDC6}.Debug|Any CPU.ActiveCfg = Debug|Any CPU
		{B1C167C2-2419-9FD6-BA87-6647AF0AFDC6}.Debug|Any CPU.Build.0 = Debug|Any CPU
		{B1C167C2-2419-9FD6-BA87-6647AF0AFDC6}.Release|Any CPU.ActiveCfg = Release|Any CPU
		{B1C167C2-2419-9FD6-BA87-6647AF0AFDC6}.Release|Any CPU.Build.0 = Release|Any CPU
		{43BEE1C9-7758-ABFC-63BA-40F2EE56E440}.Debug|Any CPU.ActiveCfg = Debug|Any CPU
		{43BEE1C9-7758-ABFC-63BA-40F2EE56E440}.Debug|Any CPU.Build.0 = Debug|Any CPU
		{43BEE1C9-7758-ABFC-63BA-40F2EE56E440}.Release|Any CPU.ActiveCfg = Release|Any CPU
		{43BEE1C9-7758-ABFC-63BA-40F2EE56E440}.Release|Any CPU.Build.0 = Release|Any CPU
	EndGlobalSection
	GlobalSection(SolutionProperties) = preSolution
		HideSolutionNode = FALSE
	EndGlobalSection
	GlobalSection(ExtensibilityGlobals) = postSolution
		SolutionGuid = {709299FF-C324-4446-93B6-01C4F28E6CB9}
	EndGlobalSection
EndGlobal
